
Microsoft Visual Studio Solution File, Format Version 12.00
# Visual Studio Version 17
VisualStudioVersion = 17.13.35825.156 d17.13
MinimumVisualStudioVersion = 10.0.40219.1
Project("{FAE04EC0-301F-11D3-BF4B-00C04F79EFBC}") = "Task Methodology", "Task Methodology\Task Methodology.csproj", "{EC0AB5E7-B061-4F00-92A2-BB01964A586C}"
EndProject
Global
	GlobalSection(SolutionConfigurationPlatforms) = preSolution
		Debug|Any CPU = Debug|Any CPU
		Release|Any CPU = Release|Any CPU
	EndGlobalSection
	GlobalSection(ProjectConfigurationPlatforms) = postSolution
		{EC0AB5E7-B061-4F00-92A2-BB01964A586C}.Debug|Any CPU.ActiveCfg = Debug|Any CPU
		{EC0AB5E7-B061-4F00-92A2-BB01964A586C}.Debug|Any CPU.Build.0 = Debug|Any CPU
		{EC0AB5E7-B061-4F00-92A2-BB01964A586C}.Release|Any CPU.ActiveCfg = Release|Any CPU
		{EC0AB5E7-B061-4F00-92A2-BB01964A586C}.Release|Any CPU.Build.0 = Release|Any CPU
	EndGlobalSection
	GlobalSection(SolutionProperties) = preSolution
		HideSolutionNode = FALSE
	EndGlobalSection
	GlobalSection(ExtensibilityGlobals) = postSolution
		SolutionGuid = {BDD3E8CA-79E5-40A2-B701-F322816F86BB}
	EndGlobalSection
EndGlobal
